
Microsoft Visual Studio Solution File, Format Version 12.00
# Visual Studio Version 17
VisualStudioVersion = 17.7.34202.233
MinimumVisualStudioVersion = 10.0.40219.1
Project("{9A19103F-16F7-4668-BE54-9A1E7A4F7556}") = "CRUD.ASP.Usuarios.Extrados", "CRUD.ASP.Usuarios.Extrados\CRUD.ASP.Usuarios.Extrados.csproj", "{D6A720C7-FFF1-4D3E-AFBC-36DEA9461648}"
EndProject
Project("{FAE04EC0-301F-11D3-BF4B-00C04F79EFBC}") = "AccesData", "AccesData\AccesData.csproj", "{7AF277DD-9586-48FD-B939-5E3FE3F7E494}"
EndProject
Global
	GlobalSection(SolutionConfigurationPlatforms) = preSolution
		Debug|Any CPU = Debug|Any CPU
		Release|Any CPU = Release|Any CPU
	EndGlobalSection
	GlobalSection(ProjectConfigurationPlatforms) = postSolution
		{D6A720C7-FFF1-4D3E-AFBC-36DEA9461648}.Debug|Any CPU.ActiveCfg = Debug|Any CPU
		{D6A720C7-FFF1-4D3E-AFBC-36DEA9461648}.Debug|Any CPU.Build.0 = Debug|Any CPU
		{D6A720C7-FFF1-4D3E-AFBC-36DEA9461648}.Release|Any CPU.ActiveCfg = Release|Any CPU
		{D6A720C7-FFF1-4D3E-AFBC-36DEA9461648}.Release|Any CPU.Build.0 = Release|Any CPU
		{7AF277DD-9586-48FD-B939-5E3FE3F7E494}.Debug|Any CPU.ActiveCfg = Debug|Any CPU
		{7AF277DD-9586-48FD-B939-5E3FE3F7E494}.Debug|Any CPU.Build.0 = Debug|Any CPU
		{7AF277DD-9586-48FD-B939-5E3FE3F7E494}.Release|Any CPU.ActiveCfg = Release|Any CPU
		{7AF277DD-9586-48FD-B939-5E3FE3F7E494}.Release|Any CPU.Build.0 = Release|Any CPU
	EndGlobalSection
	GlobalSection(SolutionProperties) = preSolution
		HideSolutionNode = FALSE
	EndGlobalSection
	GlobalSection(ExtensibilityGlobals) = postSolution
		SolutionGuid = {BC7563E8-B2E8-4674-9CF6-9007072B5F88}
	EndGlobalSection
EndGlobal
